Microsoft Visual Studio Solution File, Format Version 12.00
# Visual Studio Version 17
VisualStudioVersion = 17.0.31903.59
MinimumVisualStudioVersion = 10.0.40219.1
Project("{FAE04EC0-301F-11D3-BF4B-00C04F79EFBC}") = "webdev-tool", "webdev-tool.csproj", "{D95C8A6E-9B19-4A7D-8C56-A3E25C27F83B}"
EndProject
Project("{FAE04EC0-301F-11D3-BF4B-00C04F79EFBC}") = "WebDev.Tool.Tests", "WebDev.Tool.Tests\WebDev.Tool.Tests.csproj", "{B95C8A6E-9B19-4A7D-8C56-A3E25C27F83C}"
EndProject
Global
	GlobalSection(SolutionConfigurationPlatforms) = preSolution
		Debug|Any CPU = Debug|Any CPU
		Release|Any CPU = Release|Any CPU
	EndGlobalSection
	GlobalSection(SolutionProperties) = preSolution
		HideSolutionNode = FALSE
	EndGlobalSection
	GlobalSection(ProjectConfigurationPlatforms) = postSolution
		{D95C8A6E-9B19-4A7D-8C56-A3E25C27F83B}.Debug|Any CPU.ActiveCfg = Debug|Any CPU
		{D95C8A6E-9B19-4A7D-8C56-A3E25C27F83B}.Debug|Any CPU.Build.0 = Debug|Any CPU
		{D95C8A6E-9B19-4A7D-8C56-A3E25C27F83B}.Release|Any CPU.ActiveCfg = Release|Any CPU
		{D95C8A6E-9B19-4A7D-8C56-A3E25C27F83B}.Release|Any CPU.Build.0 = Release|Any CPU
		{B95C8A6E-9B19-4A7D-8C56-A3E25C27F83C}.Debug|Any CPU.ActiveCfg = Debug|Any CPU
		{B95C8A6E-9B19-4A7D-8C56-A3E25C27F83C}.Debug|Any CPU.Build.0 = Debug|Any CPU
		{B95C8A6E-9B19-4A7D-8C56-A3E25C27F83C}.Release|Any CPU.ActiveCfg = Release|Any CPU
		{B95C8A6E-9B19-4A7D-8C56-A3E25C27F83C}.Release|Any CPU.Build.0 = Release|Any CPU
	EndGlobalSection
EndGlobal